
Microsoft Visual Studio Solution File, Format Version 12.00
# Visual Studio Version 16
VisualStudioVersion = 16.0.30413.136
MinimumVisualStudioVersion = 10.0.40219.1
Project("{FAE04EC0-301F-11D3-BF4B-00C04F79EFBC}") = "DB", "DB\DB.csproj", "{35400CFE-32C4-4DCE-A58A-D91B8D5D7C40}"
EndProject
Global
	GlobalSection(SolutionConfigurationPlatforms) = preSolution
		Debug|Any CPU = Debug|Any CPU
		Release|Any CPU = Release|Any CPU
	EndGlobalSection
	GlobalSection(ProjectConfigurationPlatforms) = postSolution
		{35400CFE-32C4-4DCE-A58A-D91B8D5D7C40}.Debug|Any CPU.ActiveCfg = Debug|Any CPU
		{35400CFE-32C4-4DCE-A58A-D91B8D5D7C40}.Debug|Any CPU.Build.0 = Debug|Any CPU
		{35400CFE-32C4-4DCE-A58A-D91B8D5D7C40}.Release|Any CPU.ActiveCfg = Release|Any CPU
		{35400CFE-32C4-4DCE-A58A-D91B8D5D7C40}.Release|Any CPU.Build.0 = Release|Any CPU
	EndGlobalSection
	GlobalSection(SolutionProperties) = preSolution
		HideSolutionNode = FALSE
	EndGlobalSection
	GlobalSection(ExtensibilityGlobals) = postSolution
		SolutionGuid = {9111326D-4947-4127-B7AE-E0DB03190CC4}
	EndGlobalSection
EndGlobal
